// !$*UTF8*$!
{
	archiveVersion = 1;
	classes = {
	};
	objectVersion = 48;
	objects = {

/* Begin PBXBuildFile section */
		1204252D21063BA500B8A21C /* tpl_bridge.html in Resources */ = {isa = PBXBuildFile; fileRef = 1204252C21063BA500B8A21C /* tpl_bridge.html */; };
		1204252F21063E6100B8A21C /* Bridge.jpg in Resources */ = {isa = PBXBuildFile; fileRef = 1204252E21063E6100B8A21C /* Bridge.jpg */; };
		1207956820C1707200B215E9 /* UIViewController+SafeAreaInsets.swift in Sources */ = {isa = PBXBuildFile; fileRef = 1207956720C1707200B215E9 /* UIViewController+SafeAreaInsets.swift */; };
		1207956A20C172E400B215E9 /* UIView+SafeAreaInsets.swift in Sources */ = {isa = PBXBuildFile; fileRef = 1207956920C172E400B215E9 /* UIView+SafeAreaInsets.swift */; };
		1248ACF32077E8D4000C1881 /* TemplateLayoutCollectionViewCell.swift in Sources */ = {isa = PBXBuildFile; fileRef = 1248ACF22077E8D4000C1881 /* TemplateLayoutCollectionViewCell.swift */; };
		1248ACF92077EB6A000C1881 /* TemplateCollectionViewController.swift in Sources */ = {isa = PBXBuildFile; fileRef = 1248ACF82077EB6A000C1881 /* TemplateCollectionViewController.swift */; };
		1255A58320754F1600D401FD /* tpl_homesickness.html in Resources */ = {isa = PBXBuildFile; fileRef = 1255A58020754F1600D401FD /* tpl_homesickness.html */; };
		1255A58420754F1600D401FD /* index1.html in Resources */ = {isa = PBXBuildFile; fileRef = 1255A58120754F1600D401FD /* index1.html */; };
		125E223A2073F76100E8CE47 /* sectionHeaderView.swift in Sources */ = {isa = PBXBuildFile; fileRef = 125E22392073F76100E8CE47 /* sectionHeaderView.swift */; };
		12A2BDB2211B4F06008B7D18 /* tpl_developer.html in Resources */ = {isa = PBXBuildFile; fileRef = 12A2BDB1211B4F06008B7D18 /* tpl_developer.html */; };
		12B9ED7A2108E3E500432F24 /* Homesickness.jpg in Resources */ = {isa = PBXBuildFile; fileRef = 12B9ED792108E3E500432F24 /* Homesickness.jpg */; };
		12BA5C07212F42AB006F69C6 /* tpl_guide.html in Resources */ = {isa = PBXBuildFile; fileRef = 12BA5C06212F42AB006F69C6 /* tpl_guide.html */; };
		12BA5C0C212F4363006F69C6 /* Icon2.jpg in Resources */ = {isa = PBXBuildFile; fileRef = 12BA5C08212F4363006F69C6 /* Icon2.jpg */; };
		12BA5C0D212F4363006F69C6 /* Icon1.jpg in Resources */ = {isa = PBXBuildFile; fileRef = 12BA5C09212F4363006F69C6 /* Icon1.jpg */; };
		12BA5C0E212F4363006F69C6 /* Icon3.jpg in Resources */ = {isa = PBXBuildFile; fileRef = 12BA5C0A212F4363006F69C6 /* Icon3.jpg */; };
		12BA5C0F212F4363006F69C6 /* Icon4.jpg in Resources */ = {isa = PBXBuildFile; fileRef = 12BA5C0B212F4363006F69C6 /* Icon4.jpg */; };
		12F6A09520C9BF4D006F2FB9 /* tpl_chiemsee.html in Resources */ = {isa = PBXBuildFile; fileRef = 12F6A09420C9BF4C006F2FB9 /* tpl_chiemsee.html */; };
		12F6A09C20C9C53C006F2FB9 /* Chiemsee1.jpg in Resources */ = {isa = PBXBuildFile; fileRef = 12F6A09920C9C53C006F2FB9 /* Chiemsee1.jpg */; };
		12F6A09D20C9C53C006F2FB9 /* Chiemsee2.jpg in Resources */ = {isa = PBXBuildFile; fileRef = 12F6A09A20C9C53C006F2FB9 /* Chiemsee2.jpg */; };
		83F4BE43ACE49761C0AE569C /* Pods_journal.framework in Frameworks */ = {isa = PBXBuildFile; fileRef = F8CD1E60973C581D99BCDB32 /* Pods_journal.framework */; };
		996936CBE89DE8D455EF4441 /* Pods_journalUITests.framework in Frameworks */ = {isa = PBXBuildFile; fileRef = 40314A34E48A43941E66B8C4 /* Pods_journalUITests.framework */; };
		9B0CF0CA204AA666007203CB /* KeyboardViewController.swift in Sources */ = {isa = PBXBuildFile; fileRef = 9B0CF0C9204AA666007203CB /* KeyboardViewController.swift */; };
		9B0CF0CE204AA666007203CB /* RichtextEditor.appex in Embed App Extensions */ = {isa = PBXBuildFile; fileRef = 9B0CF0C7204AA666007203CB /* RichtextEditor.appex */; settings = {ATTRIBUTES = (RemoveHeadersOnCopy, ); }; };
		9B0CF0D4204AB6C7007203CB /* JournalCollectionViewCell.swift in Sources */ = {isa = PBXBuildFile; fileRef = 9B0CF0D3204AB6C7007203CB /* JournalCollectionViewCell.swift */; };
		9B0CF0D6204AB9F9007203CB /* JournalCollectionViewController.swift in Sources */ = {isa = PBXBuildFile; fileRef = 9B0CF0D5204AB9F9007203CB /* JournalCollectionViewController.swift */; };
		9B224F11207BE895003D4A0A /* ColorKeyboardCell.xib in Resources */ = {isa = PBXBuildFile; fileRef = 9B224F0C207BE894003D4A0A /* ColorKeyboardCell.xib */; };
		9B224F12207BE895003D4A0A /* ColorKeyboardCell.swift in Sources */ = {isa = PBXBuildFile; fileRef = 9B224F0D207BE895003D4A0A /* ColorKeyboardCell.swift */; };
		9B224F13207BE895003D4A0A /* defaultColors.swift in Sources */ = {isa = PBXBuildFile; fileRef = 9B224F0E207BE895003D4A0A /* defaultColors.swift */; };
		9B224F14207BE895003D4A0A /* ColorKeyboard.swift in Sources */ = {isa = PBXBuildFile; fileRef = 9B224F0F207BE895003D4A0A /* ColorKeyboard.swift */; };
		9B224F15207BE895003D4A0A /* Keyboard.xib in Resources */ = {isa = PBXBuildFile; fileRef = 9B224F10207BE895003D4A0A /* Keyboard.xib */; };
		9B224F1D207EA59F003D4A0A /* KeyboardDelegate.swift in Sources */ = {isa = PBXBuildFile; fileRef = 9B224F1C207EA59F003D4A0A /* KeyboardDelegate.swift */; };
		9B224F25208150A5003D4A0A /* TypesettingKeyboard.swift in Sources */ = {isa = PBXBuildFile; fileRef = 9B224F24208150A5003D4A0A /* TypesettingKeyboard.swift */; };
		9B224F2720815204003D4A0A /* TypesettingKeyboard.xib in Resources */ = {isa = PBXBuildFile; fileRef = 9B224F2620815204003D4A0A /* TypesettingKeyboard.xib */; };
		9B224F2A208165D1003D4A0A /* TypeSettingKeyboardCell.swift in Sources */ = {isa = PBXBuildFile; fileRef = 9B224F28208165D1003D4A0A /* TypeSettingKeyboardCell.swift */; };
		9B224F2B208165D1003D4A0A /* TypeSettingKeyboardCell.xib in Resources */ = {isa = PBXBuildFile; fileRef = 9B224F29208165D1003D4A0A /* TypeSettingKeyboardCell.xib */; };
		9B224F3120827886003D4A0A /* CustomRichEditorView.swift in Sources */ = {isa = PBXBuildFile; fileRef = 9B224F3020827886003D4A0A /* CustomRichEditorView.swift */; };
		9B2C6D7C204BF6E500123AD5 /* Journal.swift in Sources */ = {isa = PBXBuildFile; fileRef = 9B2C6D7B204BF6E500123AD5 /* Journal.swift */; };
		9B2D70D81FAB52EB009BD89A /* CustomRichEditorView+Extensions.swift in Sources */ = {isa = PBXBuildFile; fileRef = 9B2D70D71FAB52EB009BD89A /* CustomRichEditorView+Extensions.swift */; };
		9B3B86021FDB4A090019B943 /* JavaScriptFuncProtocol.swift in Sources */ = {isa = PBXBuildFile; fileRef = 9B3B86011FDB4A090019B943 /* JavaScriptFuncProtocol.swift */; };
		9B3B86041FDB4A290019B943 /* JavaScriptFunc.swift in Sources */ = {isa = PBXBuildFile; fileRef = 9B3B86031FDB4A290019B943 /* JavaScriptFunc.swift */; };
		9B3B86061FDC98220019B943 /* index.html in Resources */ = {isa = PBXBuildFile; fileRef = 9B3B86051FDC98210019B943 /* index.html */; };
		9B3B860C1FE319870019B943 /* TemplateList.swift in Sources */ = {isa = PBXBuildFile; fileRef = 9B3B860B1FE319870019B943 /* TemplateList.swift */; };
		9B43498A1FD1FAF00009E899 /* CoreDataHandler.swift in Sources */ = {isa = PBXBuildFile; fileRef = 9B4349891FD1FAF00009E899 /* CoreDataHandler.swift */; };
		9B43498C1FD1FAF30009E899 /* ImageHandler.swift in Sources */ = {isa = PBXBuildFile; fileRef = 9B43498B1FD1FAF30009E899 /* ImageHandler.swift */; };
		9B4A78511FAA1519000F39FC /* AppDelegate.swift in Sources */ = {isa = PBXBuildFile; fileRef = 9B4A78501FAA1519000F39FC /* AppDelegate.swift */; };
		9B4A78531FAA1519000F39FC /* JournalViewController.swift in Sources */ = {isa = PBXBuildFile; fileRef = 9B4A78521FAA1519000F39FC /* JournalViewController.swift */; };
		9B4A78561FAA1519000F39FC /* Main.storyboard in Resources */ = {isa = PBXBuildFile; fileRef = 9B4A78541FAA1519000F39FC /* Main.storyboard */; };
		9B4A785B1FAA1519000F39FC /* Assets.xcassets in Resources */ = {isa = PBXBuildFile; fileRef = 9B4A785A1FAA1519000F39FC /* Assets.xcassets */; };
		9B4A785E1FAA1519000F39FC /* LaunchScreen.storyboard in Resources */ = {isa = PBXBuildFile; fileRef = 9B4A785C1FAA1519000F39FC /* LaunchScreen.storyboard */; };
		9B4A78691FAA151A000F39FC /* journalTests.swift in Sources */ = {isa = PBXBuildFile; fileRef = 9B4A78681FAA151A000F39FC /* journalTests.swift */; };
		9B4A78741FAA151A000F39FC /* journalUITests.swift in Sources */ = {isa = PBXBuildFile; fileRef = 9B4A78731FAA151A000F39FC /* journalUITests.swift */; };
		9B4EBAA120D2FE8B00006E67 /* FontsTableViewCell.swift in Sources */ = {isa = PBXBuildFile; fileRef = 9B4EBAA020D2FE8B00006E67 /* FontsTableViewCell.swift */; };
		9B53BFD320153F4900648A32 /* rich_editor.js in Resources */ = {isa = PBXBuildFile; fileRef = 9B53BFCF20153F4800648A32 /* rich_editor.js */; };
		9B604E4A208FB8A000406A61 /* ImageCropperViewController.swift in Sources */ = {isa = PBXBuildFile; fileRef = 9B604E49208FB8A000406A61 /* ImageCropperViewController.swift */; };
		9B604E4D208FB8AF00406A61 /* UIImageView+Extensions.swift in Sources */ = {isa = PBXBuildFile; fileRef = 9B604E4B208FB8AF00406A61 /* UIImageView+Extensions.swift */; };
		9B604E4E208FB8AF00406A61 /* CropAreaView.swift in Sources */ = {isa = PBXBuildFile; fileRef = 9B604E4C208FB8AF00406A61 /* CropAreaView.swift */; };
		9B636A2A1FCA0603003AFF26 /* UIColor+Extensions.swift in Sources */ = {isa = PBXBuildFile; fileRef = 9B636A291FCA0603003AFF26 /* UIColor+Extensions.swift */; };
		9B636A2C1FCA12E6003AFF26 /* ColorCardTableViewController.swift in Sources */ = {isa = PBXBuildFile; fileRef = 9B636A2B1FCA12E6003AFF26 /* ColorCardTableViewController.swift */; };
		9B8099632021122000F0121B /* tableLayoutMethodes.js in Resources */ = {isa = PBXBuildFile; fileRef = 9B8099622021122000F0121B /* tableLayoutMethodes.js */; };
		9B8099652024EC4100F0121B /* touchBlockInline.html in Resources */ = {isa = PBXBuildFile; fileRef = 9B8099642024EC4100F0121B /* touchBlockInline.html */; };
		9B8099692029C21E00F0121B /* touchBlockFloating.html in Resources */ = {isa = PBXBuildFile; fileRef = 9B8099682029C21E00F0121B /* touchBlockFloating.html */; };
		9B8684C0200BA01800A82C7E /* style.css in Resources */ = {isa = PBXBuildFile; fileRef = 9B8684BF200BA01800A82C7E /* style.css */; };
		9B8684C2200BA05500A82C7E /* normalize.css in Resources */ = {isa = PBXBuildFile; fileRef = 9B8684C1200BA05500A82C7E /* normalize.css */; };
		9B88F60C206592C50047ED2C /* FilliingEffects.swift in Sources */ = {isa = PBXBuildFile; fileRef = 9B88F60B206592C50047ED2C /* FilliingEffects.swift */; };
		9B88F60E20663F3C0047ED2C /* colorCardTableViewCell.swift in Sources */ = {isa = PBXBuildFile; fileRef = 9B88F60D20663F3C0047ED2C /* colorCardTableViewCell.swift */; };
		9B8918F01FE4618D0021B0C4 /* JournalLayoutCollectionViewCell.swift in Sources */ = {isa = PBXBuildFile; fileRef = 9B8918EF1FE4618D0021B0C4 /* JournalLayoutCollectionViewCell.swift */; };
		9B999C8C203844DD00F14891 /* CustomCollectionViewCell.swift in Sources */ = {isa = PBXBuildFile; fileRef = 9B999C8B203844DD00F14891 /* CustomCollectionViewCell.swift */; };
		9B999C8E2038461F00F14891 /* keyLists.swift in Sources */ = {isa = PBXBuildFile; fileRef = 9B999C8D2038461F00F14891 /* keyLists.swift */; };
		9BA2EBEC20C6FBCB003A4CC9 /* ImageEditMenuController.swift in Sources */ = {isa = PBXBuildFile; fileRef = 9BA2EBEB20C6FBCB003A4CC9 /* ImageEditMenuController.swift */; };
		9BB9F00020CD77F0006A4732 /* Chiemsee3.jpg in Resources */ = {isa = PBXBuildFile; fileRef = 9BB9EFFF20CD77EF006A4732 /* Chiemsee3.jpg */; };
		9BD4D26D1FCCBAFA007620F4 /* UIImage+Extensions.swift in Sources */ = {isa = PBXBuildFile; fileRef = 9BD4D26C1FCCBAFA007620F4 /* UIImage+Extensions.swift */; };
		9BD4D26F1FCCBBF5007620F4 /* defaultParameters.swift in Sources */ = {isa = PBXBuildFile; fileRef = 9BD4D26E1FCCBBF5007620F4 /* defaultParameters.swift */; };
		9BDF12CE20E01F44009D89E3 /* jquery-3.3.1.min.js in Resources */ = {isa = PBXBuildFile; fileRef = 9BDF12CD20E01F43009D89E3 /* jquery-3.3.1.min.js */; };
		9BF4E31220F00983004D598D /* FontsTableViewController.swift in Sources */ = {isa = PBXBuildFile; fileRef = 9BF4E31120F00983004D598D /* FontsTableViewController.swift */; };
		9BF4E31420F00A22004D598D /* FontsBigTableViewCell.swift in Sources */ = {isa = PBXBuildFile; fileRef = 9BF4E31320F00A22004D598D /* FontsBigTableViewCell.swift */; };
		D2F23CD52B49B225965D13B8 /* Pods_journalTests.framework in Frameworks */ = {isa = PBXBuildFile; fileRef = 335716C33BD9CE5728DF9C55 /* Pods_journalTests.framework */; };
/* End PBXBuildFile section */

/* Begin PBXContainerItemProxy section */
		9B0CF0CC204AA666007203CB /* PBXContainerItemProxy */ = {
			isa = PBXContainerItemProxy;
			containerPortal = 9B4A78451FAA1519000F39FC /* Project object */;
			proxyType = 1;
			remoteGlobalIDString = 9B0CF0C6204AA666007203CB;
			remoteInfo = RichtextEditor;
		};
		9B4A78651FAA151A000F39FC /* PBXContainerItemProxy */ = {
			isa = PBXContainerItemProxy;
			containerPortal = 9B4A78451FAA1519000F39FC /* Project object */;
			proxyType = 1;
			remoteGlobalIDString = 9B4A784C1FAA1519000F39FC;
			remoteInfo = journal;
		};
		9B4A78701FAA151A000F39FC /* PBXContainerItemProxy */ = {
			isa = PBXContainerItemProxy;
			containerPortal = 9B4A78451FAA1519000F39FC /* Project object */;
			proxyType = 1;
			remoteGlobalIDString = 9B4A784C1FAA1519000F39FC;
			remoteInfo = journal;
		};
/* End PBXContainerItemProxy section */

/* Begin PBXCopyFilesBuildPhase section */
		9B0CF0D2204AA666007203CB /* Embed App Extensions */ = {
			isa = PBXCopyFilesBuildPhase;
			buildActionMask = 2147483647;
			dstPath = "";
			dstSubfolderSpec = 13;
			files = (
				9B0CF0CE204AA666007203CB /* RichtextEditor.appex in Embed App Extensions */,
			);
			name = "Embed App Extensions";
			runOnlyForDeploymentPostprocessing = 0;
		};
/* End PBXCopyFilesBuildPhase section */

/* Begin PBXFileReference section */
		1204252C21063BA500B8A21C /* tpl_bridge.html */ = {isa = PBXFileReference; fileEncoding = 4; lastKnownFileType = text.html; path = tpl_bridge.html; sourceTree = "<group>"; };
		1204252E21063E6100B8A21C /* Bridge.jpg */ = {isa = PBXFileReference; lastKnownFileType = image.jpeg; path = Bridge.jpg; sourceTree = "<group>"; };
		1207956720C1707200B215E9 /* UIViewController+SafeAreaInsets.swift */ = {isa = PBXFileReference; lastKnownFileType = sourcecode.swift; path = "UIViewController+SafeAreaInsets.swift"; sourceTree = "<group>"; };
		1207956920C172E400B215E9 /* UIView+SafeAreaInsets.swift */ = {isa = PBXFileReference; lastKnownFileType = sourcecode.swift; path = "UIView+SafeAreaInsets.swift"; sourceTree = "<group>"; };
		1248ACF22077E8D4000C1881 /* TemplateLayoutCollectionViewCell.swift */ = {isa = PBXFileReference; lastKnownFileType = sourcecode.swift; path = TemplateLayoutCollectionViewCell.swift; sourceTree = "<group>"; };
		1248ACF82077EB6A000C1881 /* TemplateCollectionViewController.swift */ = {isa = PBXFileReference; lastKnownFileType = sourcecode.swift; path = TemplateCollectionViewController.swift; sourceTree = "<group>"; };
		1255A58020754F1600D401FD /* tpl_homesickness.html */ = {isa = PBXFileReference; fileEncoding = 4; lastKnownFileType = text.html; path = tpl_homesickness.html; sourceTree = "<group>"; };
		1255A58120754F1600D401FD /* index1.html */ = {isa = PBXFileReference; fileEncoding = 4; lastKnownFileType = text.html; path = index1.html; sourceTree = "<group>"; };
		125E22392073F76100E8CE47 /* sectionHeaderView.swift */ = {isa = PBXFileReference; lastKnownFileType = sourcecode.swift; path = sectionHeaderView.swift; sourceTree = "<group>"; };
		12A2BDB1211B4F06008B7D18 /* tpl_developer.html */ = {isa = PBXFileReference; fileEncoding = 4; lastKnownFileType = text.html; path = tpl_developer.html; sourceTree = "<group>"; };
		12B9ED792108E3E500432F24 /* Homesickness.jpg */ = {isa = PBXFileReference; lastKnownFileType = image.jpeg; path = Homesickness.jpg; sourceTree = "<group>"; };
		12BA5C06212F42AB006F69C6 /* tpl_guide.html */ = {isa = PBXFileReference; fileEncoding = 4; lastKnownFileType = text.html; path = tpl_guide.html; sourceTree = "<group>"; };
		12BA5C08212F4363006F69C6 /* Icon2.jpg */ = {isa = PBXFileReference; lastKnownFileType = image.jpeg; path = Icon2.jpg; sourceTree = "<group>"; };
		12BA5C09212F4363006F69C6 /* Icon1.jpg */ = {isa = PBXFileReference; lastKnownFileType = image.jpeg; path = Icon1.jpg; sourceTree = "<group>"; };
		12BA5C0A212F4363006F69C6 /* Icon3.jpg */ = {isa = PBXFileReference; lastKnownFileType = image.jpeg; path = Icon3.jpg; sourceTree = "<group>"; };
		12BA5C0B212F4363006F69C6 /* Icon4.jpg */ = {isa = PBXFileReference; lastKnownFileType = image.jpeg; path = Icon4.jpg; sourceTree = "<group>"; };
		12F6A09420C9BF4C006F2FB9 /* tpl_chiemsee.html */ = {isa = PBXFileReference; fileEncoding = 4; lastKnownFileType = text.html; path = tpl_chiemsee.html; sourceTree = "<group>"; };
		12F6A09920C9C53C006F2FB9 /* Chiemsee1.jpg */ = {isa = PBXFileReference; lastKnownFileType = image.jpeg; path = Chiemsee1.jpg; sourceTree = "<group>"; };
		12F6A09A20C9C53C006F2FB9 /* Chiemsee2.jpg */ = {isa = PBXFileReference; lastKnownFileType = image.jpeg; path = Chiemsee2.jpg; sourceTree = "<group>"; };
		335716C33BD9CE5728DF9C55 /* Pods_journalTests.framework */ = {isa = PBXFileReference; explicitFileType = wrapper.framework; includeInIndex = 0; path = Pods_journalTests.framework; sourceTree = BUILT_PRODUCTS_DIR; };
		40314A34E48A43941E66B8C4 /* Pods_journalUITests.framework */ = {isa = PBXFileReference; explicitFileType = wrapper.framework; includeInIndex = 0; path = Pods_journalUITests.framework; sourceTree = BUILT_PRODUCTS_DIR; };
		403E999531786B1C070B69F5 /* Pods-journal.debug.xcconfig */ = {isa = PBXFileReference; includeInIndex = 1; lastKnownFileType = text.xcconfig; name = "Pods-journal.debug.xcconfig"; path = "Pods/Target Support Files/Pods-journal/Pods-journal.debug.xcconfig"; sourceTree = "<group>"; };
		51CD431C62A8DD4A2A32B76B /* Pods-journalUITests.debug.xcconfig */ = {isa = PBXFileReference; includeInIndex = 1; lastKnownFileType = text.xcconfig; name = "Pods-journalUITests.debug.xcconfig"; path = "Pods/Target Support Files/Pods-journalUITests/Pods-journalUITests.debug.xcconfig"; sourceTree = "<group>"; };
		80186DA33825C8F05259877B /* Pods-journalTests.release.xcconfig */ = {isa = PBXFileReference; includeInIndex = 1; lastKnownFileType = text.xcconfig; name = "Pods-journalTests.release.xcconfig"; path = "Pods/Target Support Files/Pods-journalTests/Pods-journalTests.release.xcconfig"; sourceTree = "<group>"; };
		9B0CF0C7204AA666007203CB /* RichtextEditor.appex */ = {isa = PBXFileReference; explicitFileType = "wrapper.app-extension"; includeInIndex = 0; path = RichtextEditor.appex; sourceTree = BUILT_PRODUCTS_DIR; };
		9B0CF0C9204AA666007203CB /* KeyboardViewController.swift */ = {isa = PBXFileReference; lastKnownFileType = sourcecode.swift; path = KeyboardViewController.swift; sourceTree = "<group>"; };
		9B0CF0CB204AA666007203CB /* Info.plist */ = {isa = PBXFileReference; lastKnownFileType = text.plist.xml; path = Info.plist; sourceTree = "<group>"; };
		9B0CF0D3204AB6C7007203CB /* JournalCollectionViewCell.swift */ = {isa = PBXFileReference; lastKnownFileType = sourcecode.swift; path = JournalCollectionViewCell.swift; sourceTree = "<group>"; };
		9B0CF0D5204AB9F9007203CB /* JournalCollectionViewController.swift */ = {isa = PBXFileReference; lastKnownFileType = sourcecode.swift; path = JournalCollectionViewController.swift; sourceTree = "<group>"; };
		9B224F0C207BE894003D4A0A /* ColorKeyboardCell.xib */ = {isa = PBXFileReference; fileEncoding = 4; lastKnownFileType = file.xib; path = ColorKeyboardCell.xib; sourceTree = "<group>"; };
		9B224F0D207BE895003D4A0A /* ColorKeyboardCell.swift */ = {isa = PBXFileReference; fileEncoding = 4; lastKnownFileType = sourcecode.swift; path = ColorKeyboardCell.swift; sourceTree = "<group>"; };
		9B224F0E207BE895003D4A0A /* defaultColors.swift */ = {isa = PBXFileReference; fileEncoding = 4; lastKnownFileType = sourcecode.swift; path = defaultColors.swift; sourceTree = "<group>"; };
		9B224F0F207BE895003D4A0A /* ColorKeyboard.swift */ = {isa = PBXFileReference; fileEncoding = 4; lastKnownFileType = sourcecode.swift; path = ColorKeyboard.swift; sourceTree = "<group>"; };
		9B224F10207BE895003D4A0A /* Keyboard.xib */ = {isa = PBXFileReference; fileEncoding = 4; lastKnownFileType = file.xib; path = Keyboard.xib; sourceTree = "<group>"; };
		9B224F1C207EA59F003D4A0A /* KeyboardDelegate.swift */ = {isa = PBXFileReference; lastKnownFileType = sourcecode.swift; path = KeyboardDelegate.swift; sourceTree = "<group>"; };
		9B224F24208150A5003D4A0A /* TypesettingKeyboard.swift */ = {isa = PBXFileReference; lastKnownFileType = sourcecode.swift; path = TypesettingKeyboard.swift; sourceTree = "<group>"; };
		9B224F2620815204003D4A0A /* TypesettingKeyboard.xib */ = {isa = PBXFileReference; lastKnownFileType = file.xib; path = TypesettingKeyboard.xib; sourceTree = "<group>"; };
		9B224F28208165D1003D4A0A /* TypeSettingKeyboardCell.swift */ = {isa = PBXFileReference; lastKnownFileType = sourcecode.swift; path = TypeSettingKeyboardCell.swift; sourceTree = "<group>"; };
		9B224F29208165D1003D4A0A /* TypeSettingKeyboardCell.xib */ = {isa = PBXFileReference; lastKnownFileType = file.xib; path = TypeSettingKeyboardCell.xib; sourceTree = "<group>"; };
		9B224F3020827886003D4A0A /* CustomRichEditorView.swift */ = {isa = PBXFileReference; lastKnownFileType = sourcecode.swift; path = CustomRichEditorView.swift; sourceTree = "<group>"; };
		9B2C6D7B204BF6E500123AD5 /* Journal.swift */ = {isa = PBXFileReference; lastKnownFileType = sourcecode.swift; path = Journal.swift; sourceTree = "<group>"; };
		9B2D70D71FAB52EB009BD89A /* CustomRichEditorView+Extensions.swift */ = {isa = PBXFileReference; lastKnownFileType = sourcecode.swift; path = "CustomRichEditorView+Extensions.swift"; sourceTree = "<group>"; };
		9B3B86011FDB4A090019B943 /* JavaScriptFuncProtocol.swift */ = {isa = PBXFileReference; lastKnownFileType = sourcecode.swift; path = JavaScriptFuncProtocol.swift; sourceTree = "<group>"; };
		9B3B86031FDB4A290019B943 /* JavaScriptFunc.swift */ = {isa = PBXFileReference; lastKnownFileType = sourcecode.swift; path = JavaScriptFunc.swift; sourceTree = "<group>"; };
		9B3B86051FDC98210019B943 /* index.html */ = {isa = PBXFileReference; fileEncoding = 4; lastKnownFileType = text.html; path = index.html; sourceTree = "<group>"; };
		9B3B860B1FE319870019B943 /* TemplateList.swift */ = {isa = PBXFileReference; lastKnownFileType = sourcecode.swift; path = TemplateList.swift; sourceTree = "<group>"; };
		9B4349891FD1FAF00009E899 /* CoreDataHandler.swift */ = {isa = PBXFileReference; lastKnownFileType = sourcecode.swift; path = CoreDataHandler.swift; sourceTree = "<group>"; };
		9B43498B1FD1FAF30009E899 /* ImageHandler.swift */ = {isa = PBXFileReference; lastKnownFileType = sourcecode.swift; path = ImageHandler.swift; sourceTree = "<group>"; };
		9B4A784D1FAA1519000F39FC /* journal.app */ = {isa = PBXFileReference; explicitFileType = wrapper.application; includeInIndex = 0; path = journal.app; sourceTree = BUILT_PRODUCTS_DIR; };
		9B4A78501FAA1519000F39FC /* AppDelegate.swift */ = {isa = PBXFileReference; lastKnownFileType = sourcecode.swift; path = AppDelegate.swift; sourceTree = "<group>"; };
		9B4A78521FAA1519000F39FC /* JournalViewController.swift */ = {isa = PBXFileReference; lastKnownFileType = sourcecode.swift; path = JournalViewController.swift; sourceTree = "<group>"; };
		9B4A78551FAA1519000F39FC /* Base */ = {isa = PBXFileReference; lastKnownFileType = file.storyboard; name = Base; path = Base.lproj/Main.storyboard; sourceTree = "<group>"; };
		9B4A785A1FAA1519000F39FC /* Assets.xcassets */ = {isa = PBXFileReference; lastKnownFileType = folder.assetcatalog; path = Assets.xcassets; sourceTree = "<group>"; };
		9B4A785D1FAA1519000F39FC /* Base */ = {isa = PBXFileReference; lastKnownFileType = file.storyboard; name = Base; path = Base.lproj/LaunchScreen.storyboard; sourceTree = "<group>"; };
		9B4A785F1FAA1519000F39FC /* Info.plist */ = {isa = PBXFileReference; lastKnownFileType = text.plist.xml; path = Info.plist; sourceTree = "<group>"; };
		9B4A78641FAA151A000F39FC /* journalTests.xctest */ = {isa = PBXFileReference; explicitFileType = wrapper.cfbundle; includeInIndex = 0; path = journalTests.xctest; sourceTree = BUILT_PRODUCTS_DIR; };
		9B4A78681FAA151A000F39FC /* journalTests.swift */ = {isa = PBXFileReference; lastKnownFileType = sourcecode.swift; path = journalTests.swift; sourceTree = "<group>"; };
		9B4A786A1FAA151A000F39FC /* Info.plist */ = {isa = PBXFileReference; lastKnownFileType = text.plist.xml; path = Info.plist; sourceTree = "<group>"; };
		9B4A786F1FAA151A000F39FC /* journalUITests.xctest */ = {isa = PBXFileReference; explicitFileType = wrapper.cfbundle; includeInIndex = 0; path = journalUITests.xctest; sourceTree = BUILT_PRODUCTS_DIR; };
		9B4A78731FAA151A000F39FC /* journalUITests.swift */ = {isa = PBXFileReference; lastKnownFileType = sourcecode.swift; path = journalUITests.swift; sourceTree = "<group>"; };
		9B4A78751FAA151A000F39FC /* Info.plist */ = {isa = PBXFileReference; lastKnownFileType = text.plist.xml; path = Info.plist; sourceTree = "<group>"; };
		9B4EBAA020D2FE8B00006E67 /* FontsTableViewCell.swift */ = {isa = PBXFileReference; lastKnownFileType = sourcecode.swift; path = FontsTableViewCell.swift; sourceTree = "<group>"; };
		9B53BFCF20153F4800648A32 /* rich_editor.js */ = {isa = PBXFileReference; lastKnownFileType = sourcecode.javascript; name = rich_editor.js; path = ../JS/rich_editor.js; sourceTree = "<group>"; };
		9B604E49208FB8A000406A61 /* ImageCropperViewController.swift */ = {isa = PBXFileReference; fileEncoding = 4; lastKnownFileType = sourcecode.swift; path = ImageCropperViewController.swift; sourceTree = "<group>"; };
		9B604E4B208FB8AF00406A61 /* UIImageView+Extensions.swift */ = {isa = PBXFileReference; fileEncoding = 4; lastKnownFileType = sourcecode.swift; path = "UIImageView+Extensions.swift"; sourceTree = "<group>"; };
		9B604E4C208FB8AF00406A61 /* CropAreaView.swift */ = {isa = PBXFileReference; fileEncoding = 4; lastKnownFileType = sourcecode.swift; path = CropAreaView.swift; sourceTree = "<group>"; };
		9B636A291FCA0603003AFF26 /* UIColor+Extensions.swift */ = {isa = PBXFileReference; lastKnownFileType = sourcecode.swift; path = "UIColor+Extensions.swift"; sourceTree = "<group>"; };
		9B636A2B1FCA12E6003AFF26 /* ColorCardTableViewController.swift */ = {isa = PBXFileReference; lastKnownFileType = sourcecode.swift; path = ColorCardTableViewController.swift; sourceTree = "<group>"; };
		9B8099622021122000F0121B /* tableLayoutMethodes.js */ = {isa = PBXFileReference; lastKnownFileType = sourcecode.javascript; name = tableLayoutMethodes.js; path = ../JS/tableLayoutMethodes.js; sourceTree = "<group>"; };
		9B8099642024EC4100F0121B /* touchBlockInline.html */ = {isa = PBXFileReference; lastKnownFileType = text.html; path = touchBlockInline.html; sourceTree = "<group>"; };
		9B8099682029C21E00F0121B /* touchBlockFloating.html */ = {isa = PBXFileReference; lastKnownFileType = text.html; path = touchBlockFloating.html; sourceTree = "<group>"; };
		9B8684BF200BA01800A82C7E /* style.css */ = {isa = PBXFileReference; lastKnownFileType = text.css; name = style.css; path = ../CSS/style.css; sourceTree = "<group>"; };
		9B8684C1200BA05500A82C7E /* normalize.css */ = {isa = PBXFileReference; lastKnownFileType = text.css; name = normalize.css; path = ../CSS/normalize.css; sourceTree = "<group>"; };
		9B88F60B206592C50047ED2C /* FilliingEffects.swift */ = {isa = PBXFileReference; lastKnownFileType = sourcecode.swift; path = FilliingEffects.swift; sourceTree = "<group>"; };
		9B88F60D20663F3C0047ED2C /* colorCardTableViewCell.swift */ = {isa = PBXFileReference; lastKnownFileType = sourcecode.swift; path = colorCardTableViewCell.swift; sourceTree = "<group>"; };
		9B8918EF1FE4618D0021B0C4 /* JournalLayoutCollectionViewCell.swift */ = {isa = PBXFileReference; lastKnownFileType = sourcecode.swift; path = JournalLayoutCollectionViewCell.swift; sourceTree = "<group>"; };
		9B999C8B203844DD00F14891 /* CustomCollectionViewCell.swift */ = {isa = PBXFileReference; lastKnownFileType = sourcecode.swift; path = CustomCollectionViewCell.swift; sourceTree = "<group>"; };
		9B999C8D2038461F00F14891 /* keyLists.swift */ = {isa = PBXFileReference; lastKnownFileType = sourcecode.swift; path = keyLists.swift; sourceTree = "<group>"; };
		9BA2EBEB20C6FBCB003A4CC9 /* ImageEditMenuController.swift */ = {isa = PBXFileReference; lastKnownFileType = sourcecode.swift; path = ImageEditMenuController.swift; sourceTree = "<group>"; };
		9BB9EFFF20CD77EF006A4732 /* Chiemsee3.jpg */ = {isa = PBXFileReference; lastKnownFileType = image.jpeg; path = Chiemsee3.jpg; sourceTree = "<group>"; };
		9BD4D26C1FCCBAFA007620F4 /* UIImage+Extensions.swift */ = {isa = PBXFileReference; lastKnownFileType = sourcecode.swift; path = "UIImage+Extensions.swift"; sourceTree = "<group>"; };
		9BD4D26E1FCCBBF5007620F4 /* defaultParameters.swift */ = {isa = PBXFileReference; lastKnownFileType = sourcecode.swift; path = defaultParameters.swift; sourceTree = "<group>"; };
		9BDF12CD20E01F43009D89E3 /* jquery-3.3.1.min.js */ = {isa = PBXFileReference; fileEncoding = 4; lastKnownFileType = sourcecode.javascript; name = "jquery-3.3.1.min.js"; path = "../JS/jquery-3.3.1.min.js"; sourceTree = "<group>"; };
		9BF4E31120F00983004D598D /* FontsTableViewController.swift */ = {isa = PBXFileReference; lastKnownFileType = sourcecode.swift; path = FontsTableViewController.swift; sourceTree = "<group>"; };
		9BF4E31320F00A22004D598D /* FontsBigTableViewCell.swift */ = {isa = PBXFileReference; lastKnownFileType = sourcecode.swift; path = FontsBigTableViewCell.swift; sourceTree = "<group>"; };
		A35E0D1EC862D7DD2028825A /* Pods-journalUITests.release.xcconfig */ = {isa = PBXFileReference; includeInIndex = 1; lastKnownFileType = text.xcconfig; name = "Pods-journalUITests.release.xcconfig"; path = "Pods/Target Support Files/Pods-journalUITests/Pods-journalUITests.release.xcconfig"; sourceTree = "<group>"; };
		B20229757500FC110A38C161 /* Pods-journalTests.debug.xcconfig */ = {isa = PBXFileReference; includeInIndex = 1; lastKnownFileType = text.xcconfig; name = "Pods-journalTests.debug.xcconfig"; path = "Pods/Target Support Files/Pods-journalTests/Pods-journalTests.debug.xcconfig"; sourceTree = "<group>"; };
		EB4031F574B13F76690400BB /* Pods-journal.release.xcconfig */ = {isa = PBXFileReference; includeInIndex = 1; lastKnownFileType = text.xcconfig; name = "Pods-journal.release.xcconfig"; path = "Pods/Target Support Files/Pods-journal/Pods-journal.release.xcconfig"; sourceTree = "<group>"; };
		F8CD1E60973C581D99BCDB32 /* Pods_journal.framework */ = {isa = PBXFileReference; explicitFileType = wrapper.framework; includeInIndex = 0; path = Pods_journal.framework; sourceTree = BUILT_PRODUCTS_DIR; };
/* End PBXFileReference section */

/* Begin PBXFrameworksBuildPhase section */
		9B0CF0C4204AA666007203CB /* Frameworks */ = {
			isa = PBXFrameworksBuildPhase;
			buildActionMask = 2147483647;
			files = (
			);
			runOnlyForDeploymentPostprocessing = 0;
		};
		9B4A784A1FAA1519000F39FC /* Frameworks */ = {
			isa = PBXFrameworksBuildPhase;
			buildActionMask = 2147483647;
			files = (
				83F4BE43ACE49761C0AE569C /* Pods_journal.framework in Frameworks */,
			);
			runOnlyForDeploymentPostprocessing = 0;
		};
		9B4A78611FAA151A000F39FC /* Frameworks */ = {
			isa = PBXFrameworksBuildPhase;
			buildActionMask = 2147483647;
			files = (
				D2F23CD52B49B225965D13B8 /* Pods_journalTests.framework in Frameworks */,
			);
			runOnlyForDeploymentPostprocessing = 0;
		};
		9B4A786C1FAA151A000F39FC /* Frameworks */ = {
			isa = PBXFrameworksBuildPhase;
			buildActionMask = 2147483647;
			files = (
				996936CBE89DE8D455EF4441 /* Pods_journalUITests.framework in Frameworks */,
			);
			runOnlyForDeploymentPostprocessing = 0;
		};
/* End PBXFrameworksBuildPhase section */

/* Begin PBXGroup section */
		712F9F679BEC36E324E0FCC7 /* Frameworks */ = {
			isa = PBXGroup;
			children = (
				F8CD1E60973C581D99BCDB32 /* Pods_journal.framework */,
				335716C33BD9CE5728DF9C55 /* Pods_journalTests.framework */,
				40314A34E48A43941E66B8C4 /* Pods_journalUITests.framework */,
			);
			name = Frameworks;
			sourceTree = "<group>";
		};
		9B0CF0C8204AA666007203CB /* RichtextEditor */ = {
			isa = PBXGroup;
			children = (
				9B0CF0C9204AA666007203CB /* KeyboardViewController.swift */,
				9B0CF0CB204AA666007203CB /* Info.plist */,
			);
			path = RichtextEditor;
			sourceTree = "<group>";
		};
		9B329D442106575D0025EAEB /* Templates */ = {
			isa = PBXGroup;
			children = (
				12BA5C06212F42AB006F69C6 /* tpl_guide.html */,
				12A2BDB1211B4F06008B7D18 /* tpl_developer.html */,
				9B329D45210657700025EAEB /* Photos */,
				1255A58120754F1600D401FD /* index1.html */,
				1255A58020754F1600D401FD /* tpl_homesickness.html */,
				12F6A09420C9BF4C006F2FB9 /* tpl_chiemsee.html */,
				1204252C21063BA500B8A21C /* tpl_bridge.html */,
				9B3B86051FDC98210019B943 /* index.html */,
				9B8099642024EC4100F0121B /* touchBlockInline.html */,
				9B8099682029C21E00F0121B /* touchBlockFloating.html */,
			);
			path = Templates;
			sourceTree = "<group>";
		};
		9B329D45210657700025EAEB /* Photos */ = {
			isa = PBXGroup;
			children = (
				12BA5C09212F4363006F69C6 /* Icon1.jpg */,
				12BA5C08212F4363006F69C6 /* Icon2.jpg */,
				12BA5C0A212F4363006F69C6 /* Icon3.jpg */,
				12BA5C0B212F4363006F69C6 /* Icon4.jpg */,
				12F6A09920C9C53C006F2FB9 /* Chiemsee1.jpg */,
				12F6A09A20C9C53C006F2FB9 /* Chiemsee2.jpg */,
				9BB9EFFF20CD77EF006A4732 /* Chiemsee3.jpg */,
				1204252E21063E6100B8A21C /* Bridge.jpg */,
				12B9ED792108E3E500432F24 /* Homesickness.jpg */,
			);
			path = Photos;
			sourceTree = "<group>";
		};
		9B329D46210657810025EAEB /* JS */ = {
			isa = PBXGroup;
			children = (
				9B8099622021122000F0121B /* tableLayoutMethodes.js */,
				9BDF12CD20E01F43009D89E3 /* jquery-3.3.1.min.js */,
				9B53BFCF20153F4800648A32 /* rich_editor.js */,
			);
			path = JS;
			sourceTree = "<group>";
		};
		9B329D47210657960025EAEB /* CSS */ = {
			isa = PBXGroup;
			children = (
				9B8684BF200BA01800A82C7E /* style.css */,
				9B8684C1200BA05500A82C7E /* normalize.css */,
			);
			path = CSS;
			sourceTree = "<group>";
		};
		9B3B86001FDB49D40019B943 /* htmlJS */ = {
			isa = PBXGroup;
			children = (
				9B329D442106575D0025EAEB /* Templates */,
				9B329D46210657810025EAEB /* JS */,
				9B329D47210657960025EAEB /* CSS */,
				9B3B86011FDB4A090019B943 /* JavaScriptFuncProtocol.swift */,
				9B3B86031FDB4A290019B943 /* JavaScriptFunc.swift */,
			);
			path = htmlJS;
			sourceTree = "<group>";
		};
		9B4349881FD1FA7F0009E899 /* DataModel */ = {
			isa = PBXGroup;
			children = (
				9B224F0E207BE895003D4A0A /* defaultColors.swift */,
				9B999C8D2038461F00F14891 /* keyLists.swift */,
				9B3B860B1FE319870019B943 /* TemplateList.swift */,
				9B88F60B206592C50047ED2C /* FilliingEffects.swift */,
				9B2C6D7B204BF6E500123AD5 /* Journal.swift */,
			);
			path = DataModel;
			sourceTree = "<group>";
		};
		9B43498D1FD1FAFB0009E899 /* Handlers */ = {
			isa = PBXGroup;
			children = (
				9B4349891FD1FAF00009E899 /* CoreDataHandler.swift */,
				9B43498B1FD1FAF30009E899 /* ImageHandler.swift */,
			);
			path = Handlers;
			sourceTree = "<group>";
		};
		9B4A78441FAA1519000F39FC = {
			isa = PBXGroup;
			children = (
				9B4A784F1FAA1519000F39FC /* journal */,
				9B4A78671FAA151A000F39FC /* journalTests */,
				9B4A78721FAA151A000F39FC /* journalUITests */,
				9B0CF0C8204AA666007203CB /* RichtextEditor */,
				9B4A784E1FAA1519000F39FC /* Products */,
				CFECC8A3DB2876FE872740D0 /* Pods */,
				712F9F679BEC36E324E0FCC7 /* Frameworks */,
			);
			sourceTree = "<group>";
		};
		9B4A784E1FAA1519000F39FC /* Products */ = {
			isa = PBXGroup;
			children = (
				9B4A784D1FAA1519000F39FC /* journal.app */,
				9B4A78641FAA151A000F39FC /* journalTests.xctest */,
				9B4A786F1FAA151A000F39FC /* journalUITests.xctest */,
				9B0CF0C7204AA666007203CB /* RichtextEditor.appex */,
			);
			name = Products;
			sourceTree = "<group>";
		};
		9B4A784F1FAA1519000F39FC /* journal */ = {
			isa = PBXGroup;
			children = (
				9B4A78501FAA1519000F39FC /* AppDelegate.swift */,
				9B3B86001FDB49D40019B943 /* htmlJS */,
				9B43498D1FD1FAFB0009E899 /* Handlers */,
				9B4349881FD1FA7F0009E899 /* DataModel */,
				9BD4D2741FD1F667007620F4 /* ViewControllers */,
				9BD4D2751FD1F688007620F4 /* Views */,
				9BD4D26E1FCCBBF5007620F4 /* defaultParameters.swift */,
				9B4A78541FAA1519000F39FC /* Main.storyboard */,
				9B224F29208165D1003D4A0A /* TypeSettingKeyboardCell.xib */,
				9B224F2620815204003D4A0A /* TypesettingKeyboard.xib */,
				9B224F0C207BE894003D4A0A /* ColorKeyboardCell.xib */,
				9B224F10207BE895003D4A0A /* Keyboard.xib */,
				9B4A785C1FAA1519000F39FC /* LaunchScreen.storyboard */,
				9B4A785A1FAA1519000F39FC /* Assets.xcassets */,
				9B4A785F1FAA1519000F39FC /* Info.plist */,
			);
			path = journal;
			sourceTree = "<group>";
		};
		9B4A78671FAA151A000F39FC /* journalTests */ = {
			isa = PBXGroup;
			children = (
				9B4A78681FAA151A000F39FC /* journalTests.swift */,
				9B4A786A1FAA151A000F39FC /* Info.plist */,
			);
			path = journalTests;
			sourceTree = "<group>";
		};
		9B4A78721FAA151A000F39FC /* journalUITests */ = {
			isa = PBXGroup;
			children = (
				9B4A78731FAA151A000F39FC /* journalUITests.swift */,
				9B4A78751FAA151A000F39FC /* Info.plist */,
			);
			path = journalUITests;
			sourceTree = "<group>";
		};
		9BD4D2741FD1F667007620F4 /* ViewControllers */ = {
			isa = PBXGroup;
			children = (
				9B604E49208FB8A000406A61 /* ImageCropperViewController.swift */,
				9B636A2B1FCA12E6003AFF26 /* ColorCardTableViewController.swift */,
				9BA2EBEB20C6FBCB003A4CC9 /* ImageEditMenuController.swift */,
				1248ACF82077EB6A000C1881 /* TemplateCollectionViewController.swift */,
				9B4A78521FAA1519000F39FC /* JournalViewController.swift */,
				9B0CF0D5204AB9F9007203CB /* JournalCollectionViewController.swift */,
				9BF4E31120F00983004D598D /* FontsTableViewController.swift */,
			);
			path = ViewControllers;
			sourceTree = "<group>";
		};
		9BD4D2751FD1F688007620F4 /* Views */ = {
			isa = PBXGroup;
			children = (
				9B604E4C208FB8AF00406A61 /* CropAreaView.swift */,
				9B604E4B208FB8AF00406A61 /* UIImageView+Extensions.swift */,
				9B224F0D207BE895003D4A0A /* ColorKeyboardCell.swift */,
				9B224F28208165D1003D4A0A /* TypeSettingKeyboardCell.swift */,
				9B224F24208150A5003D4A0A /* TypesettingKeyboard.swift */,
				9B224F1C207EA59F003D4A0A /* KeyboardDelegate.swift */,
				9B224F0F207BE895003D4A0A /* ColorKeyboard.swift */,
				9B636A291FCA0603003AFF26 /* UIColor+Extensions.swift */,
				9B999C8B203844DD00F14891 /* CustomCollectionViewCell.swift */,
				9B88F60D20663F3C0047ED2C /* colorCardTableViewCell.swift */,
				9B4EBAA020D2FE8B00006E67 /* FontsTableViewCell.swift */,
				9B2D70D71FAB52EB009BD89A /* CustomRichEditorView+Extensions.swift */,
				9B224F3020827886003D4A0A /* CustomRichEditorView.swift */,
				9BD4D26C1FCCBAFA007620F4 /* UIImage+Extensions.swift */,
				9B8918EF1FE4618D0021B0C4 /* JournalLayoutCollectionViewCell.swift */,
				9B0CF0D3204AB6C7007203CB /* JournalCollectionViewCell.swift */,
				125E22392073F76100E8CE47 /* sectionHeaderView.swift */,
				1248ACF22077E8D4000C1881 /* TemplateLayoutCollectionViewCell.swift */,
				1207956720C1707200B215E9 /* UIViewController+SafeAreaInsets.swift */,
				1207956920C172E400B215E9 /* UIView+SafeAreaInsets.swift */,
				9BF4E31320F00A22004D598D /* FontsBigTableViewCell.swift */,
			);
			path = Views;
			sourceTree = "<group>";
		};
		CFECC8A3DB2876FE872740D0 /* Pods */ = {
			isa = PBXGroup;
			children = (
				403E999531786B1C070B69F5 /* Pods-journal.debug.xcconfig */,
				EB4031F574B13F76690400BB /* Pods-journal.release.xcconfig */,
				B20229757500FC110A38C161 /* Pods-journalTests.debug.xcconfig */,
				80186DA33825C8F05259877B /* Pods-journalTests.release.xcconfig */,
				51CD431C62A8DD4A2A32B76B /* Pods-journalUITests.debug.xcconfig */,
				A35E0D1EC862D7DD2028825A /* Pods-journalUITests.release.xcconfig */,
			);
			name = Pods;
			sourceTree = "<group>";
		};
/* End PBXGroup section */

/* Begin PBXNativeTarget section */
		9B0CF0C6204AA666007203CB /* RichtextEditor */ = {
			isa = PBXNativeTarget;
			buildConfigurationList = 9B0CF0D1204AA666007203CB /* Build configuration list for PBXNativeTarget "RichtextEditor" */;
			buildPhases = (
				9B0CF0C3204AA666007203CB /* Sources */,
				9B0CF0C4204AA666007203CB /* Frameworks */,
				9B0CF0C5204AA666007203CB /* Resources */,
			);
			buildRules = (
			);
			dependencies = (
			);
			name = RichtextEditor;
			productName = RichtextEditor;
			productReference = 9B0CF0C7204AA666007203CB /* RichtextEditor.appex */;
			productType = "com.apple.product-type.app-extension";
		};
		9B4A784C1FAA1519000F39FC /* journal */ = {
			isa = PBXNativeTarget;
			buildConfigurationList = 9B4A78781FAA151A000F39FC /* Build configuration list for PBXNativeTarget "journal" */;
			buildPhases = (
				B0CAC9BEF08113DF52E0010C /* [CP] Check Pods Manifest.lock */,
				9B4A78491FAA1519000F39FC /* Sources */,
				9B4A784A1FAA1519000F39FC /* Frameworks */,
				9B4A784B1FAA1519000F39FC /* Resources */,
				6E30D809E57FE82277F35907 /* [CP] Embed Pods Frameworks */,
				0FFC795E93B0FE9B784B8A8D /* [CP] Copy Pods Resources */,
				9B0CF0D2204AA666007203CB /* Embed App Extensions */,
			);
			buildRules = (
			);
			dependencies = (
				9B0CF0CD204AA666007203CB /* PBXTargetDependency */,
			);
			name = journal;
			productName = journal;
			productReference = 9B4A784D1FAA1519000F39FC /* journal.app */;
			productType = "com.apple.product-type.application";
		};
		9B4A78631FAA151A000F39FC /* journalTests */ = {
			isa = PBXNativeTarget;
			buildConfigurationList = 9B4A787B1FAA151A000F39FC /* Build configuration list for PBXNativeTarget "journalTests" */;
			buildPhases = (
				7ED744C1DC7AD0109ABCD9B3 /* [CP] Check Pods Manifest.lock */,
				9B4A78601FAA151A000F39FC /* Sources */,
				9B4A78611FAA151A000F39FC /* Frameworks */,
				9B4A78621FAA151A000F39FC /* Resources */,
				C29F5E3CC745B6DE2A027FA8 /* [CP] Embed Pods Frameworks */,
				BE6A290BE0F4C22FD4417937 /* [CP] Copy Pods Resources */,
			);
			buildRules = (
			);
			dependencies = (
				9B4A78661FAA151A000F39FC /* PBXTargetDependency */,
			);
			name = journalTests;
			productName = journalTests;
			productReference = 9B4A78641FAA151A000F39FC /* journalTests.xctest */;
			productType = "com.apple.product-type.bundle.unit-test";
		};
		9B4A786E1FAA151A000F39FC /* journalUITests */ = {
			isa = PBXNativeTarget;
			buildConfigurationList = 9B4A787E1FAA151A000F39FC /* Build configuration list for PBXNativeTarget "journalUITests" */;
			buildPhases = (
				06A63C7601E6A06CCE9B0A88 /* [CP] Check Pods Manifest.lock */,
				9B4A786B1FAA151A000F39FC /* Sources */,
				9B4A786C1FAA151A000F39FC /* Frameworks */,
				9B4A786D1FAA151A000F39FC /* Resources */,
				86D0C5F174DCF88098552440 /* [CP] Embed Pods Frameworks */,
				2AAA0BCAC2436D3F7E9986C6 /* [CP] Copy Pods Resources */,
			);
			buildRules = (
			);
			dependencies = (
				9B4A78711FAA151A000F39FC /* PBXTargetDependency */,
			);
			name = journalUITests;
			productName = journalUITests;
			productReference = 9B4A786F1FAA151A000F39FC /* journalUITests.xctest */;
			productType = "com.apple.product-type.bundle.ui-testing";
		};
/* End PBXNativeTarget section */

/* Begin PBXProject section */
		9B4A78451FAA1519000F39FC /* Project object */ = {
			isa = PBXProject;
			attributes = {
				LastSwiftUpdateCheck = 0920;
				LastUpgradeCheck = 0930;
				ORGANIZATIONNAME = "Diqing Chang";
				TargetAttributes = {
					9B0CF0C6204AA666007203CB = {
						CreatedOnToolsVersion = 9.2;
						ProvisioningStyle = Automatic;
					};
					9B4A784C1FAA1519000F39FC = {
						CreatedOnToolsVersion = 9.0.1;
						LastSwiftMigration = 0930;
						ProvisioningStyle = Automatic;
					};
					9B4A78631FAA151A000F39FC = {
						CreatedOnToolsVersion = 9.0.1;
						ProvisioningStyle = Automatic;
						TestTargetID = 9B4A784C1FAA1519000F39FC;
					};
					9B4A786E1FAA151A000F39FC = {
						CreatedOnToolsVersion = 9.0.1;
						ProvisioningStyle = Automatic;
						TestTargetID = 9B4A784C1FAA1519000F39FC;
					};
				};
			};
			buildConfigurationList = 9B4A78481FAA1519000F39FC /* Build configuration list for PBXProject "journal" */;
			compatibilityVersion = "Xcode 8.0";
			developmentRegion = en;
			hasScannedForEncodings = 0;
			knownRegions = (
				en,
				Base,
			);
			mainGroup = 9B4A78441FAA1519000F39FC;
			productRefGroup = 9B4A784E1FAA1519000F39FC /* Products */;
			projectDirPath = "";
			projectRoot = "";
			targets = (
				9B4A784C1FAA1519000F39FC /* journal */,
				9B4A78631FAA151A000F39FC /* journalTests */,
				9B4A786E1FAA151A000F39FC /* journalUITests */,
				9B0CF0C6204AA666007203CB /* RichtextEditor */,
			);
		};
/* End PBXProject section */

/* Begin PBXResourcesBuildPhase section */
		9B0CF0C5204AA666007203CB /* Resources */ = {
			isa = PBXResourcesBuildPhase;
			buildActionMask = 2147483647;
			files = (
			);
			runOnlyForDeploymentPostprocessing = 0;
		};
		9B4A784B1FAA1519000F39FC /* Resources */ = {
			isa = PBXResourcesBuildPhase;
			buildActionMask = 2147483647;
			files = (
				1255A58320754F1600D401FD /* tpl_homesickness.html in Resources */,
				9B8099632021122000F0121B /* tableLayoutMethodes.js in Resources */,
				9B224F15207BE895003D4A0A /* Keyboard.xib in Resources */,
				12A2BDB2211B4F06008B7D18 /* tpl_developer.html in Resources */,
				12B9ED7A2108E3E500432F24 /* Homesickness.jpg in Resources */,
				9BDF12CE20E01F44009D89E3 /* jquery-3.3.1.min.js in Resources */,
				12BA5C0C212F4363006F69C6 /* Icon2.jpg in Resources */,
				12BA5C07212F42AB006F69C6 /* tpl_guide.html in Resources */,
				9B4A785E1FAA1519000F39FC /* LaunchScreen.storyboard in Resources */,
				12BA5C0F212F4363006F69C6 /* Icon4.jpg in Resources */,
				9B224F2B208165D1003D4A0A /* TypeSettingKeyboardCell.xib in Resources */,
				9B8099652024EC4100F0121B /* touchBlockInline.html in Resources */,
				9B8684C0200BA01800A82C7E /* style.css in Resources */,
				9B3B86061FDC98220019B943 /* index.html in Resources */,
				9B53BFD320153F4900648A32 /* rich_editor.js in Resources */,
				12F6A09520C9BF4D006F2FB9 /* tpl_chiemsee.html in Resources */,
				9B224F2720815204003D4A0A /* TypesettingKeyboard.xib in Resources */,
				12F6A09D20C9C53C006F2FB9 /* Chiemsee2.jpg in Resources */,
				9B224F11207BE895003D4A0A /* ColorKeyboardCell.xib in Resources */,
				12BA5C0D212F4363006F69C6 /* Icon1.jpg in Resources */,
				9B4A785B1FAA1519000F39FC /* Assets.xcassets in Resources */,
				12BA5C0E212F4363006F69C6 /* Icon3.jpg in Resources */,
				1204252F21063E6100B8A21C /* Bridge.jpg in Resources */,
				9B4A78561FAA1519000F39FC /* Main.storyboard in Resources */,
				9B8684C2200BA05500A82C7E /* normalize.css in Resources */,
				1204252D21063BA500B8A21C /* tpl_bridge.html in Resources */,
				12F6A09C20C9C53C006F2FB9 /* Chiemsee1.jpg in Resources */,
				9B8099692029C21E00F0121B /* touchBlockFloating.html in Resources */,
				9BB9F00020CD77F0006A4732 /* Chiemsee3.jpg in Resources */,
				1255A58420754F1600D401FD /* index1.html in Resources */,
			);
			runOnlyForDeploymentPostprocessing = 0;
		};
		9B4A78621FAA151A000F39FC /* Resources */ = {
			isa = PBXResourcesBuildPhase;
			buildActionMask = 2147483647;
			files = (
			);
			runOnlyForDeploymentPostprocessing = 0;
		};
		9B4A786D1FAA151A000F39FC /* Resources */ = {
			isa = PBXResourcesBuildPhase;
			buildActionMask = 2147483647;
			files = (
			);
			runOnlyForDeploymentPostprocessing = 0;
		};
/* End PBXResourcesBuildPhase section */

/* Begin PBXShellScriptBuildPhase section */
		06A63C7601E6A06CCE9B0A88 /* [CP] Check Pods Manifest.lock */ = {
			isa = PBXShellScriptBuildPhase;
			buildActionMask = 2147483647;
			files = (
			);
			inputPaths = (
				"${PODS_PODFILE_DIR_PATH}/Podfile.lock",
				"${PODS_ROOT}/Manifest.lock",
			);
			name = "[CP] Check Pods Manifest.lock";
			outputPaths = (
				"$(DERIVED_FILE_DIR)/Pods-journalUITests-checkManifestLockResult.txt",
			);
			runOnlyForDeploymentPostprocessing = 0;
			shellPath = /bin/sh;
			shellScript = "diff \"${PODS_PODFILE_DIR_PATH}/Podfile.lock\" \"${PODS_ROOT}/Manifest.lock\" > /dev/null\nif [ $? != 0 ] ; then\n    # print error to STDERR\n    echo \"error: The sandbox is not in sync with the Podfile.lock. Run 'pod install' or update your CocoaPods installation.\" >&2\n    exit 1\nfi\n# This output is used by Xcode 'outputs' to avoid re-running this script phase.\necho \"SUCCESS\" > \"${SCRIPT_OUTPUT_FILE_0}\"\n";
			showEnvVarsInLog = 0;
		};
		0FFC795E93B0FE9B784B8A8D /* [CP] Copy Pods Resources */ = {
			isa = PBXShellScriptBuildPhase;
			buildActionMask = 2147483647;
			files = (
			);
			inputPaths = (
			);
			name = "[CP] Copy Pods Resources";
			outputPaths = (
			);
			runOnlyForDeploymentPostprocessing = 0;
			shellPath = /bin/sh;
			shellScript = "\"${SRCROOT}/Pods/Target Support Files/Pods-journal/Pods-journal-resources.sh\"\n";
			showEnvVarsInLog = 0;
		};
		2AAA0BCAC2436D3F7E9986C6 /* [CP] Copy Pods Resources */ = {
			isa = PBXShellScriptBuildPhase;
			buildActionMask = 2147483647;
			files = (
			);
			inputPaths = (
			);
			name = "[CP] Copy Pods Resources";
			outputPaths = (
			);
			runOnlyForDeploymentPostprocessing = 0;
			shellPath = /bin/sh;
			shellScript = "\"${SRCROOT}/Pods/Target Support Files/Pods-journalUITests/Pods-journalUITests-resources.sh\"\n";
			showEnvVarsInLog = 0;
		};
		6E30D809E57FE82277F35907 /* [CP] Embed Pods Frameworks */ = {
			isa = PBXShellScriptBuildPhase;
			buildActionMask = 2147483647;
			files = (
			);
			inputPaths = (
				"${SRCROOT}/Pods/Target Support Files/Pods-journal/Pods-journal-frameworks.sh",
				"${BUILT_PRODUCTS_DIR}/RichEditorView/RichEditorView.framework",
			);
			name = "[CP] Embed Pods Frameworks";
			outputPaths = (
				"${TARGET_BUILD_DIR}/${FRAMEWORKS_FOLDER_PATH}/RichEditorView.framework",
			);
			runOnlyForDeploymentPostprocessing = 0;
			shellPath = /bin/sh;
			shellScript = "\"${SRCROOT}/Pods/Target Support Files/Pods-journal/Pods-journal-frameworks.sh\"\n";
			showEnvVarsInLog = 0;
		};
		7ED744C1DC7AD0109ABCD9B3 /* [CP] Check Pods Manifest.lock */ = {
			isa = PBXShellScriptBuildPhase;
			buildActionMask = 2147483647;
			files = (
			);
			inputPaths = (
				"${PODS_PODFILE_DIR_PATH}/Podfile.lock",
				"${PODS_ROOT}/Manifest.lock",
			);
			name = "[CP] Check Pods Manifest.lock";
			outputPaths = (
				"$(DERIVED_FILE_DIR)/Pods-journalTests-checkManifestLockResult.txt",
			);
			runOnlyForDeploymentPostprocessing = 0;
			shellPath = /bin/sh;
			shellScript = "diff \"${PODS_PODFILE_DIR_PATH}/Podfile.lock\" \"${PODS_ROOT}/Manifest.lock\" > /dev/null\nif [ $? != 0 ] ; then\n    # print error to STDERR\n    echo \"error: The sandbox is not in sync with the Podfile.lock. Run 'pod install' or update your CocoaPods installation.\" >&2\n    exit 1\nfi\n# This output is used by Xcode 'outputs' to avoid re-running this script phase.\necho \"SUCCESS\" > \"${SCRIPT_OUTPUT_FILE_0}\"\n";
			showEnvVarsInLog = 0;
		};
		86D0C5F174DCF88098552440 /* [CP] Embed Pods Frameworks */ = {
			isa = PBXShellScriptBuildPhase;
			buildActionMask = 2147483647;
			files = (
			);
			inputPaths = (
			);
			name = "[CP] Embed Pods Frameworks";
			outputPaths = (
			);
			runOnlyForDeploymentPostprocessing = 0;
			shellPath = /bin/sh;
			shellScript = "\"${SRCROOT}/Pods/Target Support Files/Pods-journalUITests/Pods-journalUITests-frameworks.sh\"\n";
			showEnvVarsInLog = 0;
		};
		B0CAC9BEF08113DF52E0010C /* [CP] Check Pods Manifest.lock */ = {
			isa = PBXShellScriptBuildPhase;
			buildActionMask = 2147483647;
			files = (
			);
			inputPaths = (
				"${PODS_PODFILE_DIR_PATH}/Podfile.lock",
				"${PODS_ROOT}/Manifest.lock",
			);
			name = "[CP] Check Pods Manifest.lock";
			outputPaths = (
				"$(DERIVED_FILE_DIR)/Pods-journal-checkManifestLockResult.txt",
			);
			runOnlyForDeploymentPostprocessing = 0;
			shellPath = /bin/sh;
			shellScript = "diff \"${PODS_PODFILE_DIR_PATH}/Podfile.lock\" \"${PODS_ROOT}/Manifest.lock\" > /dev/null\nif [ $? != 0 ] ; then\n    # print error to STDERR\n    echo \"error: The sandbox is not in sync with the Podfile.lock. Run 'pod install' or update your CocoaPods installation.\" >&2\n    exit 1\nfi\n# This output is used by Xcode 'outputs' to avoid re-running this script phase.\necho \"SUCCESS\" > \"${SCRIPT_OUTPUT_FILE_0}\"\n";
			showEnvVarsInLog = 0;
		};
		BE6A290BE0F4C22FD4417937 /* [CP] Copy Pods Resources */ = {
			isa = PBXShellScriptBuildPhase;
			buildActionMask = 2147483647;
			files = (
			);
			inputPaths = (
			);
			name = "[CP] Copy Pods Resources";
			outputPaths = (
			);
			runOnlyForDeploymentPostprocessing = 0;
			shellPath = /bin/sh;
			shellScript = "\"${SRCROOT}/Pods/Target Support Files/Pods-journalTests/Pods-journalTests-resources.sh\"\n";
			showEnvVarsInLog = 0;
		};
		C29F5E3CC745B6DE2A027FA8 /* [CP] Embed Pods Frameworks */ = {
			isa = PBXShellScriptBuildPhase;
			buildActionMask = 2147483647;
			files = (
			);
			inputPaths = (
			);
			name = "[CP] Embed Pods Frameworks";
			outputPaths = (
			);
			runOnlyForDeploymentPostprocessing = 0;
			shellPath = /bin/sh;
			shellScript = "\"${SRCROOT}/Pods/Target Support Files/Pods-journalTests/Pods-journalTests-frameworks.sh\"\n";
			showEnvVarsInLog = 0;
		};
/* End PBXShellScriptBuildPhase section */

/* Begin PBXSourcesBuildPhase section */
		9B0CF0C3204AA666007203CB /* Sources */ = {
			isa = PBXSourcesBuildPhase;
			buildActionMask = 2147483647;
			files = (
				9B0CF0CA204AA666007203CB /* KeyboardViewController.swift in Sources */,
			);
			runOnlyForDeploymentPostprocessing = 0;
		};
		9B4A78491FAA1519000F39FC /* Sources */ = {
			isa = PBXSourcesBuildPhase;
			buildActionMask = 2147483647;
			files = (
				9B224F12207BE895003D4A0A /* ColorKeyboardCell.swift in Sources */,
				1248ACF92077EB6A000C1881 /* TemplateCollectionViewController.swift in Sources */,
				9BF4E31220F00983004D598D /* FontsTableViewController.swift in Sources */,
				9B224F14207BE895003D4A0A /* ColorKeyboard.swift in Sources */,
				9B224F25208150A5003D4A0A /* TypesettingKeyboard.swift in Sources */,
				9BF4E31420F00A22004D598D /* FontsBigTableViewCell.swift in Sources */,
				9B88F60E20663F3C0047ED2C /* colorCardTableViewCell.swift in Sources */,
				9B0CF0D4204AB6C7007203CB /* JournalCollectionViewCell.swift in Sources */,
				9BD4D26D1FCCBAFA007620F4 /* UIImage+Extensions.swift in Sources */,
				9B0CF0D6204AB9F9007203CB /* JournalCollectionViewController.swift in Sources */,
				9B43498A1FD1FAF00009E899 /* CoreDataHandler.swift in Sources */,
				9BA2EBEC20C6FBCB003A4CC9 /* ImageEditMenuController.swift in Sources */,
				9B224F2A208165D1003D4A0A /* TypeSettingKeyboardCell.swift in Sources */,
				9B636A2C1FCA12E6003AFF26 /* ColorCardTableViewController.swift in Sources */,
				9B3B86021FDB4A090019B943 /* JavaScriptFuncProtocol.swift in Sources */,
				9B636A2A1FCA0603003AFF26 /* UIColor+Extensions.swift in Sources */,
				9B999C8C203844DD00F14891 /* CustomCollectionViewCell.swift in Sources */,
				9B4A78531FAA1519000F39FC /* JournalViewController.swift in Sources */,
				9B604E4D208FB8AF00406A61 /* UIImageView+Extensions.swift in Sources */,
				1207956A20C172E400B215E9 /* UIView+SafeAreaInsets.swift in Sources */,
				9B604E4E208FB8AF00406A61 /* CropAreaView.swift in Sources */,
				1207956820C1707200B215E9 /* UIViewController+SafeAreaInsets.swift in Sources */,
				1248ACF32077E8D4000C1881 /* TemplateLayoutCollectionViewCell.swift in Sources */,
				9B2D70D81FAB52EB009BD89A /* CustomRichEditorView+Extensions.swift in Sources */,
				9BD4D26F1FCCBBF5007620F4 /* defaultParameters.swift in Sources */,
				125E223A2073F76100E8CE47 /* sectionHeaderView.swift in Sources */,
				9B43498C1FD1FAF30009E899 /* ImageHandler.swift in Sources */,
				9B2C6D7C204BF6E500123AD5 /* Journal.swift in Sources */,
				9B224F3120827886003D4A0A /* CustomRichEditorView.swift in Sources */,
				9B4EBAA120D2FE8B00006E67 /* FontsTableViewCell.swift in Sources */,
				9B8918F01FE4618D0021B0C4 /* JournalLayoutCollectionViewCell.swift in Sources */,
				9B224F13207BE895003D4A0A /* defaultColors.swift in Sources */,
				9B224F1D207EA59F003D4A0A /* KeyboardDelegate.swift in Sources */,
				9B3B860C1FE319870019B943 /* TemplateList.swift in Sources */,
				9B3B86041FDB4A290019B943 /* JavaScriptFunc.swift in Sources */,
				9B4A78511FAA1519000F39FC /* AppDelegate.swift in Sources */,
				9B604E4A208FB8A000406A61 /* ImageCropperViewController.swift in Sources */,
				9B88F60C206592C50047ED2C /* FilliingEffects.swift in Sources */,
				9B999C8E2038461F00F14891 /* keyLists.swift in Sources */,
			);
			runOnlyForDeploymentPostprocessing = 0;
		};
		9B4A78601FAA151A000F39FC /* Sources */ = {
			isa = PBXSourcesBuildPhase;
			buildActionMask = 2147483647;
			files = (
				9B4A78691FAA151A000F39FC /* journalTests.swift in Sources */,
			);
			runOnlyForDeploymentPostprocessing = 0;
		};
		9B4A786B1FAA151A000F39FC /* Sources */ = {
			isa = PBXSourcesBuildPhase;
			buildActionMask = 2147483647;
			files = (
				9B4A78741FAA151A000F39FC /* journalUITests.swift in Sources */,
			);
			runOnlyForDeploymentPostprocessing = 0;
		};
/* End PBXSourcesBuildPhase section */

/* Begin PBXTargetDependency section */
		9B0CF0CD204AA666007203CB /* PBXTargetDependency */ = {
			isa = PBXTargetDependency;
			target = 9B0CF0C6204AA666007203CB /* RichtextEditor */;
			targetProxy = 9B0CF0CC204AA666007203CB /* PBXContainerItemProxy */;
		};
		9B4A78661FAA151A000F39FC /* PBXTargetDependency */ = {
			isa = PBXTargetDependency;
			target = 9B4A784C1FAA1519000F39FC /* journal */;
			targetProxy = 9B4A78651FAA151A000F39FC /* PBXContainerItemProxy */;
		};
		9B4A78711FAA151A000F39FC /* PBXTargetDependency */ = {
			isa = PBXTargetDependency;
			target = 9B4A784C1FAA1519000F39FC /* journal */;
			targetProxy = 9B4A78701FAA151A000F39FC /* PBXContainerItemProxy */;
		};
/* End PBXTargetDependency section */

/* Begin PBXVariantGroup section */
		9B4A78541FAA1519000F39FC /* Main.storyboard */ = {
			isa = PBXVariantGroup;
			children = (
				9B4A78551FAA1519000F39FC /* Base */,
			);
			name = Main.storyboard;
			sourceTree = "<group>";
		};
		9B4A785C1FAA1519000F39FC /* LaunchScreen.storyboard */ = {
			isa = PBXVariantGroup;
			children = (
				9B4A785D1FAA1519000F39FC /* Base */,
			);
			name = LaunchScreen.storyboard;
			sourceTree = "<group>";
		};
/* End PBXVariantGroup section */

/* Begin XCBuildConfiguration section */
		9B0CF0CF204AA666007203CB /* Debug */ = {
			isa = XCBuildConfiguration;
			buildSettings = {
				CODE_SIGN_STYLE = Automatic;
				DEVELOPMENT_TEAM = 88K9PTQC7X;
				INFOPLIST_FILE = RichtextEditor/Info.plist;
				IPHONEOS_DEPLOYMENT_TARGET = 11.2;
				LD_RUNPATH_SEARCH_PATHS = "$(inherited) @executable_path/Frameworks @executable_path/../../Frameworks";
				PRODUCT_BUNDLE_IDENTIFIER = "Diqing-Chang.journal.RichtextEditor";
				PRODUCT_NAME = "$(TARGET_NAME)";
				SKIP_INSTALL = YES;
				SWIFT_VERSION = 4.0;
				TARGETED_DEVICE_FAMILY = "1,2";
			};
			name = Debug;
		};
		9B0CF0D0204AA666007203CB /* Release */ = {
			isa = XCBuildConfiguration;
			buildSettings = {
				CODE_SIGN_STYLE = Automatic;
				DEVELOPMENT_TEAM = 88K9PTQC7X;
				INFOPLIST_FILE = RichtextEditor/Info.plist;
				IPHONEOS_DEPLOYMENT_TARGET = 11.2;
				LD_RUNPATH_SEARCH_PATHS = "$(inherited) @executable_path/Frameworks @executable_path/../../Frameworks";
				PRODUCT_BUNDLE_IDENTIFIER = "Diqing-Chang.journal.RichtextEditor";
				PRODUCT_NAME = "$(TARGET_NAME)";
				SKIP_INSTALL = YES;
				SWIFT_VERSION = 4.0;
				TARGETED_DEVICE_FAMILY = "1,2";
			};
			name = Release;
		};
		9B4A78761FAA151A000F39FC /* Debug */ = {
			isa = XCBuildConfiguration;
			buildSettings = {
				ALWAYS_SEARCH_USER_PATHS = NO;
				CLANG_ANALYZER_NONNULL = YES;
				CLANG_ANALYZER_NUMBER_OBJECT_CONVERSION = YES_AGGRESSIVE;
				CLANG_CXX_LANGUAGE_STANDARD = "gnu++14";
				CLANG_CXX_LIBRARY = "libc++";
				CLANG_ENABLE_MODULES = YES;
				CLANG_ENABLE_OBJC_ARC = YES;
				CLANG_WARN_BLOCK_CAPTURE_AUTORELEASING = YES;
				CLANG_WARN_BOOL_CONVERSION = YES;
				CLANG_WARN_COMMA = YES;
				CLANG_WARN_CONSTANT_CONVERSION = YES;
				CLANG_WARN_DEPRECATED_OBJC_IMPLEMENTATIONS = YES;
				CLANG_WARN_DIRECT_OBJC_ISA_USAGE = YES_ERROR;
				CLANG_WARN_DOCUMENTATION_COMMENTS = YES;
				CLANG_WARN_EMPTY_BODY = YES;
				CLANG_WARN_ENUM_CONVERSION = YES;
				CLANG_WARN_INFINITE_RECURSION = YES;
				CLANG_WARN_INT_CONVERSION = YES;
				CLANG_WARN_NON_LITERAL_NULL_CONVERSION = YES;
				CLANG_WARN_OBJC_IMPLICIT_RETAIN_SELF = YES;
				CLANG_WARN_OBJC_LITERAL_CONVERSION = YES;
				CLANG_WARN_OBJC_ROOT_CLASS = YES_ERROR;
				CLANG_WARN_RANGE_LOOP_ANALYSIS = YES;
				CLANG_WARN_STRICT_PROTOTYPES = YES;
				CLANG_WARN_SUSPICIOUS_MOVE = YES;
				CLANG_WARN_UNGUARDED_AVAILABILITY = YES_AGGRESSIVE;
				CLANG_WARN_UNREACHABLE_CODE = YES;
				CLANG_WARN__DUPLICATE_METHOD_MATCH = YES;
				CODE_SIGN_IDENTITY = "iPhone Developer";
				COPY_PHASE_STRIP = NO;
				DEBUG_INFORMATION_FORMAT = dwarf;
				ENABLE_STRICT_OBJC_MSGSEND = YES;
				ENABLE_TESTABILITY = YES;
				GCC_C_LANGUAGE_STANDARD = gnu11;
				GCC_DYNAMIC_NO_PIC = NO;
				GCC_NO_COMMON_BLOCKS = YES;
				GCC_OPTIMIZATION_LEVEL = 0;
				GCC_PREPROCESSOR_DEFINITIONS = (
					"DEBUG=1",
					"$(inherited)",
				);
				GCC_WARN_64_TO_32_BIT_CONVERSION = YES;
				GCC_WARN_ABOUT_RETURN_TYPE = YES_ERROR;
				GCC_WARN_UNDECLARED_SELECTOR = YES;
				GCC_WARN_UNINITIALIZED_AUTOS = YES_AGGRESSIVE;
				GCC_WARN_UNUSED_FUNCTION = YES;
				GCC_WARN_UNUSED_VARIABLE = YES;
				IPHONEOS_DEPLOYMENT_TARGET = 11.0;
				MTL_ENABLE_DEBUG_INFO = YES;
				ONLY_ACTIVE_ARCH = YES;
				SDKROOT = iphoneos;
				SWIFT_ACTIVE_COMPILATION_CONDITIONS = DEBUG;
				SWIFT_OPTIMIZATION_LEVEL = "-Onone";
			};
			name = Debug;
		};
		9B4A78771FAA151A000F39FC /* Release */ = {
			isa = XCBuildConfiguration;
			buildSettings = {
				ALWAYS_SEARCH_USER_PATHS = NO;
				CLANG_ANALYZER_NONNULL = YES;
				CLANG_ANALYZER_NUMBER_OBJECT_CONVERSION = YES_AGGRESSIVE;
				CLANG_CXX_LANGUAGE_STANDARD = "gnu++14";
				CLANG_CXX_LIBRARY = "libc++";
				CLANG_ENABLE_MODULES = YES;
				CLANG_ENABLE_OBJC_ARC = YES;
				CLANG_WARN_BLOCK_CAPTURE_AUTORELEASING = YES;
				CLANG_WARN_BOOL_CONVERSION = YES;
				CLANG_WARN_COMMA = YES;
				CLANG_WARN_CONSTANT_CONVERSION = YES;
				CLANG_WARN_DEPRECATED_OBJC_IMPLEMENTATIONS = YES;
				CLANG_WARN_DIRECT_OBJC_ISA_USAGE = YES_ERROR;
				CLANG_WARN_DOCUMENTATION_COMMENTS = YES;
				CLANG_WARN_EMPTY_BODY = YES;
				CLANG_WARN_ENUM_CONVERSION = YES;
				CLANG_WARN_INFINITE_RECURSION = YES;
				CLANG_WARN_INT_CONVERSION = YES;
				CLANG_WARN_NON_LITERAL_NULL_CONVERSION = YES;
				CLANG_WARN_OBJC_IMPLICIT_RETAIN_SELF = YES;
				CLANG_WARN_OBJC_LITERAL_CONVERSION = YES;
				CLANG_WARN_OBJC_ROOT_CLASS = YES_ERROR;
				CLANG_WARN_RANGE_LOOP_ANALYSIS = YES;
				CLANG_WARN_STRICT_PROTOTYPES = YES;
				CLANG_WARN_SUSPICIOUS_MOVE = YES;
				CLANG_WARN_UNGUARDED_AVAILABILITY = YES_AGGRESSIVE;
				CLANG_WARN_UNREACHABLE_CODE = YES;
				CLANG_WARN__DUPLICATE_METHOD_MATCH = YES;
				CODE_SIGN_IDENTITY = "iPhone Developer";
				COPY_PHASE_STRIP = NO;
				DEBUG_INFORMATION_FORMAT = "dwarf-with-dsym";
				ENABLE_NS_ASSERTIONS = NO;
				ENABLE_STRICT_OBJC_MSGSEND = YES;
				GCC_C_LANGUAGE_STANDARD = gnu11;
				GCC_NO_COMMON_BLOCKS = YES;
				GCC_WARN_64_TO_32_BIT_CONVERSION = YES;
				GCC_WARN_ABOUT_RETURN_TYPE = YES_ERROR;
				GCC_WARN_UNDECLARED_SELECTOR = YES;
				GCC_WARN_UNINITIALIZED_AUTOS = YES_AGGRESSIVE;
				GCC_WARN_UNUSED_FUNCTION = YES;
				GCC_WARN_UNUSED_VARIABLE = YES;
				IPHONEOS_DEPLOYMENT_TARGET = 11.0;
				MTL_ENABLE_DEBUG_INFO = NO;
				SDKROOT = iphoneos;
				SWIFT_OPTIMIZATION_LEVEL = "-Owholemodule";
				VALIDATE_PRODUCT = YES;
			};
			name = Release;
		};
		9B4A78791FAA151A000F39FC /* Debug */ = {
			isa = XCBuildConfiguration;
			baseConfigurationReference = 403E999531786B1C070B69F5 /* Pods-journal.debug.xcconfig */;
			buildSettings = {
				ALWAYS_EMBED_SWIFT_STANDARD_LIBRARIES = YES;
				ASSETCATALOG_COMPILER_APPICON_NAME = AppIcon;
				CODE_SIGN_STYLE = Automatic;
				DEVELOPMENT_TEAM = 88K9PTQC7X;
				INFOPLIST_FILE = journal/Info.plist;
				LD_RUNPATH_SEARCH_PATHS = "$(inherited) @executable_path/Frameworks";
				PRODUCT_BUNDLE_IDENTIFIER = "Diqing-Chang.journal";
				PRODUCT_NAME = "$(TARGET_NAME)";
				"SWIFT_COMPILATION_MODE[arch=*]" = singlefile;
				SWIFT_OBJC_BRIDGING_HEADER = "";
				SWIFT_SWIFT3_OBJC_INFERENCE = Default;
				SWIFT_VERSION = 4.0;
				TARGETED_DEVICE_FAMILY = "1,2";
			};
			name = Debug;
		};
		9B4A787A1FAA151A000F39FC /* Release */ = {
			isa = XCBuildConfiguration;
			baseConfigurationReference = EB4031F574B13F76690400BB /* Pods-journal.release.xcconfig */;
			buildSettings = {
				ALWAYS_EMBED_SWIFT_STANDARD_LIBRARIES = YES;
				ASSETCATALOG_COMPILER_APPICON_NAME = AppIcon;
				CODE_SIGN_STYLE = Automatic;
				DEVELOPMENT_TEAM = 88K9PTQC7X;
				INFOPLIST_FILE = journal/Info.plist;
				LD_RUNPATH_SEARCH_PATHS = "$(inherited) @executable_path/Frameworks";
				PRODUCT_BUNDLE_IDENTIFIER = "Diqing-Chang.journal";
				PRODUCT_NAME = "$(TARGET_NAME)";
				SWIFT_OBJC_BRIDGING_HEADER = "";
				SWIFT_SWIFT3_OBJC_INFERENCE = Default;
				SWIFT_VERSION = 4.0;
				TARGETED_DEVICE_FAMILY = "1,2";
			};
			name = Release;
		};
		9B4A787C1FAA151A000F39FC /* Debug */ = {
			isa = XCBuildConfiguration;
			baseConfigurationReference = B20229757500FC110A38C161 /* Pods-journalTests.debug.xcconfig */;
			buildSettings = {
				ALWAYS_EMBED_SWIFT_STANDARD_LIBRARIES = YES;
				BUNDLE_LOADER = "$(TEST_HOST)";
				CODE_SIGN_STYLE = Automatic;
				DEVELOPMENT_TEAM = 88K9PTQC7X;
				INFOPLIST_FILE = journalTests/Info.plist;
				LD_RUNPATH_SEARCH_PATHS = "$(inherited) @executable_path/Frameworks @loader_path/Frameworks";
				PRODUCT_BUNDLE_IDENTIFIER = "Diqing-Chang.journalTests";
				PRODUCT_NAME = "$(TARGET_NAME)";
				SWIFT_VERSION = 4.0;
				TARGETED_DEVICE_FAMILY = "1,2";
				TEST_HOST = "$(BUILT_PRODUCTS_DIR)/journal.app/journal";
			};
			name = Debug;
		};
		9B4A787D1FAA151A000F39FC /* Release */ = {
			isa = XCBuildConfiguration;
			baseConfigurationReference = 80186DA33825C8F05259877B /* Pods-journalTests.release.xcconfig */;
			buildSettings = {
				ALWAYS_EMBED_SWIFT_STANDARD_LIBRARIES = YES;
				BUNDLE_LOADER = "$(TEST_HOST)";
				CODE_SIGN_STYLE = Automatic;
				DEVELOPMENT_TEAM = 88K9PTQC7X;
				INFOPLIST_FILE = journalTests/Info.plist;
				LD_RUNPATH_SEARCH_PATHS = "$(inherited) @executable_path/Frameworks @loader_path/Frameworks";
				PRODUCT_BUNDLE_IDENTIFIER = "Diqing-Chang.journalTests";
				PRODUCT_NAME = "$(TARGET_NAME)";
				SWIFT_VERSION = 4.0;
				TARGETED_DEVICE_FAMILY = "1,2";
				TEST_HOST = "$(BUILT_PRODUCTS_DIR)/journal.app/journal";
			};
			name = Release;
		};
		9B4A787F1FAA151A000F39FC /* Debug */ = {
			isa = XCBuildConfiguration;
			baseConfigurationReference = 51CD431C62A8DD4A2A32B76B /* Pods-journalUITests.debug.xcconfig */;
			buildSettings = {
				ALWAYS_EMBED_SWIFT_STANDARD_LIBRARIES = YES;
				CODE_SIGN_STYLE = Automatic;
				DEVELOPMENT_TEAM = 88K9PTQC7X;
				INFOPLIST_FILE = journalUITests/Info.plist;
				LD_RUNPATH_SEARCH_PATHS = "$(inherited) @executable_path/Frameworks @loader_path/Frameworks";
				PRODUCT_BUNDLE_IDENTIFIER = "Diqing-Chang.journalUITests";
				PRODUCT_NAME = "$(TARGET_NAME)";
				SWIFT_VERSION = 4.0;
				TARGETED_DEVICE_FAMILY = "1,2";
				TEST_TARGET_NAME = journal;
			};
			name = Debug;
		};
		9B4A78801FAA151A000F39FC /* Release */ = {
			isa = XCBuildConfiguration;
			baseConfigurationReference = A35E0D1EC862D7DD2028825A /* Pods-journalUITests.release.xcconfig */;
			buildSettings = {
				ALWAYS_EMBED_SWIFT_STANDARD_LIBRARIES = YES;
				CODE_SIGN_STYLE = Automatic;
				DEVELOPMENT_TEAM = 88K9PTQC7X;
				INFOPLIST_FILE = journalUITests/Info.plist;
				LD_RUNPATH_SEARCH_PATHS = "$(inherited) @executable_path/Frameworks @loader_path/Frameworks";
				PRODUCT_BUNDLE_IDENTIFIER = "Diqing-Chang.journalUITests";
				PRODUCT_NAME = "$(TARGET_NAME)";
				SWIFT_VERSION = 4.0;
				TARGETED_DEVICE_FAMILY = "1,2";
				TEST_TARGET_NAME = journal;
			};
			name = Release;
		};
/* End XCBuildConfiguration section */

/* Begin XCConfigurationList section */
		9B0CF0D1204AA666007203CB /* Build configuration list for PBXNativeTarget "RichtextEditor" */ = {
			isa = XCConfigurationList;
			buildConfigurations = (
				9B0CF0CF204AA666007203CB /* Debug */,
				9B0CF0D0204AA666007203CB /* Release */,
			);
			defaultConfigurationIsVisible = 0;
			defaultConfigurationName = Release;
		};
		9B4A78481FAA1519000F39FC /* Build configuration list for PBXProject "journal" */ = {
			isa = XCConfigurationList;
			buildConfigurations = (
				9B4A78761FAA151A000F39FC /* Debug */,
				9B4A78771FAA151A000F39FC /* Release */,
			);
			defaultConfigurationIsVisible = 0;
			defaultConfigurationName = Release;
		};
		9B4A78781FAA151A000F39FC /* Build configuration list for PBXNativeTarget "journal" */ = {
			isa = XCConfigurationList;
			buildConfigurations = (
				9B4A78791FAA151A000F39FC /* Debug */,
				9B4A787A1FAA151A000F39FC /* Release */,
			);
			defaultConfigurationIsVisible = 0;
			defaultConfigurationName = Release;
		};
		9B4A787B1FAA151A000F39FC /* Build configuration list for PBXNativeTarget "journalTests" */ = {
			isa = XCConfigurationList;
			buildConfigurations = (
				9B4A787C1FAA151A000F39FC /* Debug */,
				9B4A787D1FAA151A000F39FC /* Release */,
			);
			defaultConfigurationIsVisible = 0;
			defaultConfigurationName = Release;
		};
		9B4A787E1FAA151A000F39FC /* Build configuration list for PBXNativeTarget "journalUITests" */ = {
			isa = XCConfigurationList;
			buildConfigurations = (
				9B4A787F1FAA151A000F39FC /* Debug */,
				9B4A78801FAA151A000F39FC /* Release */,
			);
			defaultConfigurationIsVisible = 0;
			defaultConfigurationName = Release;
		};
/* End XCConfigurationList section */
	};
	rootObject = 9B4A78451FAA1519000F39FC /* Project object */;
}
